
Microsoft Visual Studio Solution File, Format Version 12.00
Project("{FAE04EC0-301F-11D3-BF4B-00C04F79EFBC}") = "Proto.Cluster.Dashboard", "Proto.Cluster.Dashboard\Proto.Cluster.Dashboard.csproj", "{C54FE72D-0748-4133-97CD-9BF946046BD6}"
EndProject
Global
	GlobalSection(SolutionConfigurationPlatforms) = preSolution
		Debug|Any CPU = Debug|Any CPU
		Release|Any CPU = Release|Any CPU
	EndGlobalSection
	GlobalSection(ProjectConfigurationPlatforms) = postSolution
		{C54FE72D-0748-4133-97CD-9BF946046BD6}.Debug|Any CPU.ActiveCfg = Debug|Any CPU
		{C54FE72D-0748-4133-97CD-9BF946046BD6}.Debug|Any CPU.Build.0 = Debug|Any CPU
		{C54FE72D-0748-4133-97CD-9BF946046BD6}.Release|Any CPU.ActiveCfg = Release|Any CPU
		{C54FE72D-0748-4133-97CD-9BF946046BD6}.Release|Any CPU.Build.0 = Release|Any CPU
	EndGlobalSection
EndGlobal
